
Microsoft Visual Studio Solution File, Format Version 12.00
# Visual Studio Version 17
VisualStudioVersion = 17.4.33403.182
MinimumVisualStudioVersion = 10.0.40219.1
Project("{FAE04EC0-301F-11D3-BF4B-00C04F79EFBC}") = "BloonsTD6Inspector", "BloonsTD6Inspector.csproj", "{EAE61CD0-6447-48D1-BB2D-72803D9EAB40}"
EndProject
Global
	GlobalSection(SolutionConfigurationPlatforms) = preSolution
		Debug|Any CPU = Debug|Any CPU
		Release|Any CPU = Release|Any CPU
	EndGlobalSection
	GlobalSection(ProjectConfigurationPlatforms) = postSolution
		{EAE61CD0-6447-48D1-BB2D-72803D9EAB40}.Debug|Any CPU.ActiveCfg = Debug|Any CPU
		{EAE61CD0-6447-48D1-BB2D-72803D9EAB40}.Debug|Any CPU.Build.0 = Debug|Any CPU
		{EAE61CD0-6447-48D1-BB2D-72803D9EAB40}.Release|Any CPU.ActiveCfg = Release|Any CPU
		{EAE61CD0-6447-48D1-BB2D-72803D9EAB40}.Release|Any CPU.Build.0 = Release|Any CPU
	EndGlobalSection
	GlobalSection(SolutionProperties) = preSolution
		HideSolutionNode = FALSE
	EndGlobalSection
	GlobalSection(ExtensibilityGlobals) = postSolution
		SolutionGuid = {E815A801-22DA-4521-9FCC-23A89A9D249D}
	EndGlobalSection
EndGlobal
